
Microsoft Visual Studio Solution File, Format Version 12.00
# Visual Studio Version 17
VisualStudioVersion = 17.5.33424.131
MinimumVisualStudioVersion = 10.0.40219.1
Project("{FAE04EC0-301F-11D3-BF4B-00C04F79EFBC}") = "Api-User", "Api-User\Api-User.csproj", "{56392E23-F4F9-4E25-8763-CDF1358550F8}"
EndProject
Global
	GlobalSection(SolutionConfigurationPlatforms) = preSolution
		Debug|Any CPU = Debug|Any CPU
		Release|Any CPU = Release|Any CPU
	EndGlobalSection
	GlobalSection(ProjectConfigurationPlatforms) = postSolution
		{56392E23-F4F9-4E25-8763-CDF1358550F8}.Debug|Any CPU.ActiveCfg = Debug|Any CPU
		{56392E23-F4F9-4E25-8763-CDF1358550F8}.Debug|Any CPU.Build.0 = Debug|Any CPU
		{56392E23-F4F9-4E25-8763-CDF1358550F8}.Release|Any CPU.ActiveCfg = Release|Any CPU
		{56392E23-F4F9-4E25-8763-CDF1358550F8}.Release|Any CPU.Build.0 = Release|Any CPU
	EndGlobalSection
	GlobalSection(SolutionProperties) = preSolution
		HideSolutionNode = FALSE
	EndGlobalSection
	GlobalSection(ExtensibilityGlobals) = postSolution
		SolutionGuid = {CFD7092C-7D04-446F-AC41-54A24518B331}
	EndGlobalSection
EndGlobal
